<?xml version="1.0" encoding="utf-8"?>
<Project ToolsVersion="4.0" xmlns="http://schemas.microsoft.com/developer/msbuild/2003">
  <ItemGroup>
    <Filter Include="Source Files">
      <UniqueIdentifier>{4FC737F1-C7A5-4376-A066-2A32D752A2FF}</UniqueIdentifier>
      <Extensions>cpp;c;cc;cxx;def;odl;idl;hpj;bat;asm;asmx</Extensions>
    </Filter>
    <Filter Include="Header Files">
      <UniqueIdentifier>{93995380-89BD-4b04-88EB-625FBE52EBFB}</UniqueIdentifier>
      <Extensions>h;hh;hpp;hxx;hm;inl;inc;xsd</Extensions>
    </Filter>
    <Filter Include="Resource Files">
      <UniqueIdentifier>{67DA6AB6-F800-4c08-8B7A-83BB121AAD01}</UniqueIdentifier>
      <Extensions>rc;ico;cur;bmp;dlg;rc2;rct;bin;rgs;gif;jpg;jpeg;jpe;resx;tiff;tif;png;wav;mfcribbon-ms</Extensions>
    </Filter>
    <Filter Include="Header Files\Compiler">
      <UniqueIdentifier>{ca2926f5-5627-4f04-b031-a4abcf2e0f4f}</UniqueIdentifier>
    </Filter>
    <Filter Include="Header Files\Utility">
      <UniqueIdentifier>{1c9d71dc-e18e-4054-8fe2-8b92ec26da45}</UniqueIdentifier>
    </Filter>
    <Filter Include="Header Files\Scanner">
      <UniqueIdentifier>{8461560f-2347-4906-9779-e6a146bac8e9}</UniqueIdentifier>
    </Filter>
    <Filter Include="Header Files\Parser">
      <UniqueIdentifier>{2e2869dc-2e0c-4bf8-b3ca-8eb5c5667426}</UniqueIdentifier>
    </Filter>
    <Filter Include="Header Files\Runtime">
      <UniqueIdentifier>{c64ef4b7-a053-44ca-8298-bd792effd8b8}</UniqueIdentifier>
    </Filter>
    <Filter Include="Header Files\Script">
      <UniqueIdentifier>{7e18298e-f274-4065-85ee-20bb962bad38}</UniqueIdentifier>
    </Filter>
    <Filter Include="Header Files\Context">
      <UniqueIdentifier>{586ac6d4-c083-4fa9-b2bf-ddb73a561380}</UniqueIdentifier>
    </Filter>
    <Filter Include="Header Files\MyScript">
      <UniqueIdentifier>{6ca2c7d7-5e29-4ff6-843b-bafb97080161}</UniqueIdentifier>
    </Filter>
  </ItemGroup>
  <ItemGroup>
    <ClInclude Include="stdafx.h">
      <Filter>Header Files</Filter>
    </ClInclude>
    <ClInclude Include="targetver.h">
      <Filter>Header Files</Filter>
    </ClInclude>
    <ClInclude Include="Language.hpp">
      <Filter>Header Files\Scanner</Filter>
    </ClInclude>
    <ClInclude Include="Scanner.hpp">
      <Filter>Header Files\Scanner</Filter>
    </ClInclude>
    <ClInclude Include="Parser.hpp">
      <Filter>Header Files\Parser</Filter>
    </ClInclude>
    <ClInclude Include="IASTNode.hpp">
      <Filter>Header Files\Parser</Filter>
    </ClInclude>
    <ClInclude Include="MemoryPool.hpp">
      <Filter>Header Files\Utility</Filter>
    </ClInclude>
    <ClInclude Include="Utility.hpp">
      <Filter>Header Files\Utility</Filter>
    </ClInclude>
    <ClInclude Include="MSIRCompiler.hpp">
      <Filter>Header Files\Compiler</Filter>
    </ClInclude>
    <ClInclude Include="SyntaxVerifier.hpp">
      <Filter>Header Files\Utility</Filter>
    </ClInclude>
    <ClInclude Include="IMSBase.h">
      <Filter>Header Files</Filter>
    </ClInclude>
    <ClInclude Include="MSRuntime.h">
      <Filter>Header Files\Runtime</Filter>
    </ClInclude>
    <ClInclude Include="MSCachingCompiler.hpp">
      <Filter>Header Files</Filter>
    </ClInclude>
    <ClInclude Include="MSScript.hpp">
      <Filter>Header Files\Script</Filter>
    </ClInclude>
    <ClInclude Include="MSContext.hpp">
      <Filter>Header Files\Context</Filter>
    </ClInclude>
    <ClInclude Include="MyScript.h">
      <Filter>Header Files\MyScript</Filter>
    </ClInclude>
    <ClInclude Include="MyScript.hpp">
      <Filter>Header Files\MyScript</Filter>
    </ClInclude>
  </ItemGroup>
  <ItemGroup>
    <ClCompile Include="stdafx.cpp">
      <Filter>Source Files</Filter>
    </ClCompile>
    <ClCompile Include="MyScript.cpp">
      <Filter>Source Files</Filter>
    </ClCompile>
    <ClCompile Include="Language.cpp">
      <Filter>Source Files</Filter>
    </ClCompile>
    <ClCompile Include="MSRuntime.cpp">
      <Filter>Header Files\Runtime</Filter>
    </ClCompile>
  </ItemGroup>
</Project>